
Microsoft Visual Studio Solution File, Format Version 12.00
# Visual Studio 15
VisualStudioVersion = 15.0.28307.329
MinimumVisualStudioVersion = 10.0.40219.1
Project("{9A19103F-16F7-4668-BE54-9A1E7A4F7556}") = "BlittableSerializer", "BlittableSerializer\BlittableSerializer.csproj", "{92498993-F27B-479C-9B93-F781B0855A7C}"
EndProject
Project("{9A19103F-16F7-4668-BE54-9A1E7A4F7556}") = "Bench", "Bench\Bench.csproj", "{6CA0661D-CC14-4F7B-BEAE-1BD0E8D0A76D}"
EndProject
Project("{9A19103F-16F7-4668-BE54-9A1E7A4F7556}") = "BlittableTests", "BlittableTests\BlittableTests.csproj", "{D4089C0F-6E31-44B1-861D-9F7D88DE4EDA}"
EndProject
Global
	GlobalSection(SolutionConfigurationPlatforms) = preSolution
		Debug|Any CPU = Debug|Any CPU
		Release|Any CPU = Release|Any CPU
	EndGlobalSection
	GlobalSection(ProjectConfigurationPlatforms) = postSolution
		{92498993-F27B-479C-9B93-F781B0855A7C}.Debug|Any CPU.ActiveCfg = Debug|Any CPU
		{92498993-F27B-479C-9B93-F781B0855A7C}.Debug|Any CPU.Build.0 = Debug|Any CPU
		{92498993-F27B-479C-9B93-F781B0855A7C}.Release|Any CPU.ActiveCfg = Release|Any CPU
		{92498993-F27B-479C-9B93-F781B0855A7C}.Release|Any CPU.Build.0 = Release|Any CPU
		{6CA0661D-CC14-4F7B-BEAE-1BD0E8D0A76D}.Debug|Any CPU.ActiveCfg = Debug|Any CPU
		{6CA0661D-CC14-4F7B-BEAE-1BD0E8D0A76D}.Debug|Any CPU.Build.0 = Debug|Any CPU
		{6CA0661D-CC14-4F7B-BEAE-1BD0E8D0A76D}.Release|Any CPU.ActiveCfg = Release|Any CPU
		{6CA0661D-CC14-4F7B-BEAE-1BD0E8D0A76D}.Release|Any CPU.Build.0 = Release|Any CPU
		{D4089C0F-6E31-44B1-861D-9F7D88DE4EDA}.Debug|Any CPU.ActiveCfg = Debug|Any CPU
		{D4089C0F-6E31-44B1-861D-9F7D88DE4EDA}.Debug|Any CPU.Build.0 = Debug|Any CPU
		{D4089C0F-6E31-44B1-861D-9F7D88DE4EDA}.Release|Any CPU.ActiveCfg = Release|Any CPU
		{D4089C0F-6E31-44B1-861D-9F7D88DE4EDA}.Release|Any CPU.Build.0 = Release|Any CPU
	EndGlobalSection
	GlobalSection(SolutionProperties) = preSolution
		HideSolutionNode = FALSE
	EndGlobalSection
	GlobalSection(ExtensibilityGlobals) = postSolution
		SolutionGuid = {A3D65FC1-1470-4B0F-8B3B-DA2579419228}
	EndGlobalSection
EndGlobal
